
Microsoft Visual Studio Solution File, Format Version 12.00
# Visual Studio Version 17
VisualStudioVersion = 17.9.34723.18
MinimumVisualStudioVersion = 10.0.40219.1
Project("{FAE04EC0-301F-11D3-BF4B-00C04F79EFBC}") = "COZYCOOK", "COZYCOOK\COZYCOOK.csproj", "{2B3BC6C1-8079-43CA-B18D-75BCC9179A65}"
EndProject
Global
	GlobalSection(SolutionConfigurationPlatforms) = preSolution
		Debug|Any CPU = Debug|Any CPU
		Release|Any CPU = Release|Any CPU
	EndGlobalSection
	GlobalSection(ProjectConfigurationPlatforms) = postSolution
		{2B3BC6C1-8079-43CA-B18D-75BCC9179A65}.Debug|Any CPU.ActiveCfg = Debug|Any CPU
		{2B3BC6C1-8079-43CA-B18D-75BCC9179A65}.Debug|Any CPU.Build.0 = Debug|Any CPU
		{2B3BC6C1-8079-43CA-B18D-75BCC9179A65}.Release|Any CPU.ActiveCfg = Release|Any CPU
		{2B3BC6C1-8079-43CA-B18D-75BCC9179A65}.Release|Any CPU.Build.0 = Release|Any CPU
	EndGlobalSection
	GlobalSection(SolutionProperties) = preSolution
		HideSolutionNode = FALSE
	EndGlobalSection
	GlobalSection(ExtensibilityGlobals) = postSolution
		SolutionGuid = {51DE6260-3873-4047-AD86-68C30E4F944E}
	EndGlobalSection
EndGlobal
